
Microsoft Visual Studio Solution File, Format Version 12.00
# Visual Studio Version 16
VisualStudioVersion = 16.0.30907.101
MinimumVisualStudioVersion = 10.0.40219.1
Project("{9A19103F-16F7-4668-BE54-9A1E7A4F7556}") = "ConsoleApplicationBasicCSharp", "ConsoleApplicationDiaSemana\ConsoleApplicationBasicCSharp.csproj", "{ECACEF4B-8452-4E8B-A09F-CCFA62571C03}"
EndProject
Global
	GlobalSection(SolutionConfigurationPlatforms) = preSolution
		Debug|Any CPU = Debug|Any CPU
		Release|Any CPU = Release|Any CPU
	EndGlobalSection
	GlobalSection(ProjectConfigurationPlatforms) = postSolution
		{ECACEF4B-8452-4E8B-A09F-CCFA62571C03}.Debug|Any CPU.ActiveCfg = Debug|Any CPU
		{ECACEF4B-8452-4E8B-A09F-CCFA62571C03}.Debug|Any CPU.Build.0 = Debug|Any CPU
		{ECACEF4B-8452-4E8B-A09F-CCFA62571C03}.Release|Any CPU.ActiveCfg = Release|Any CPU
		{ECACEF4B-8452-4E8B-A09F-CCFA62571C03}.Release|Any CPU.Build.0 = Release|Any CPU
	EndGlobalSection
	GlobalSection(SolutionProperties) = preSolution
		HideSolutionNode = FALSE
	EndGlobalSection
	GlobalSection(ExtensibilityGlobals) = postSolution
		SolutionGuid = {12A76ECD-0A7C-4E29-99DA-AF420C35F59C}
	EndGlobalSection
EndGlobal
